// !$*UTF8*$!
{
	archiveVersion = 1;
	classes = {
	};
	objectVersion = 55;
	objects = {

/* Begin PBXBuildFile section */
		42F2DB6D27D3354D0002B2EB /* WasedaTimeApp.swift in Sources */ = {isa = PBXBuildFile; fileRef = 42F2DB6C27D3354D0002B2EB /* WasedaTimeApp.swift */; };
		42F2DB6F27D3354D0002B2EB /* ContentView.swift in Sources */ = {isa = PBXBuildFile; fileRef = 42F2DB6E27D3354D0002B2EB /* ContentView.swift */; };
		42F2DB7127D3354E0002B2EB /* Assets.xcassets in Resources */ = {isa = PBXBuildFile; fileRef = 42F2DB7027D3354E0002B2EB /* Assets.xcassets */; };
		42F2DB7427D3354E0002B2EB /* Preview Assets.xcassets in Resources */ = {isa = PBXBuildFile; fileRef = 42F2DB7327D3354E0002B2EB /* Preview Assets.xcassets */; };
		42F2DB7C27D336740002B2EB /* Fonts.swift in Sources */ = {isa = PBXBuildFile; fileRef = 42F2DB7B27D336740002B2EB /* Fonts.swift */; };
		42F2DB8427D3379C0002B2EB /* Lato-Light.ttf in Resources */ = {isa = PBXBuildFile; fileRef = 42F2DB7E27D3379C0002B2EB /* Lato-Light.ttf */; };
		42F2DB8527D3379C0002B2EB /* Lato-Black.ttf in Resources */ = {isa = PBXBuildFile; fileRef = 42F2DB7F27D3379C0002B2EB /* Lato-Black.ttf */; };
		42F2DB8627D3379C0002B2EB /* Lato-Bold.ttf in Resources */ = {isa = PBXBuildFile; fileRef = 42F2DB8027D3379C0002B2EB /* Lato-Bold.ttf */; };
		42F2DB8727D3379C0002B2EB /* Lato-Regular.ttf in Resources */ = {isa = PBXBuildFile; fileRef = 42F2DB8127D3379C0002B2EB /* Lato-Regular.ttf */; };
		42F2DB8827D3379C0002B2EB /* Lato-Italic.ttf in Resources */ = {isa = PBXBuildFile; fileRef = 42F2DB8227D3379C0002B2EB /* Lato-Italic.ttf */; };
		42F2DB8927D3379C0002B2EB /* Lato-Thin.ttf in Resources */ = {isa = PBXBuildFile; fileRef = 42F2DB8327D3379C0002B2EB /* Lato-Thin.ttf */; };
		42F2DB8D27D33F810002B2EB /* Colors.swift in Sources */ = {isa = PBXBuildFile; fileRef = 42F2DB8C27D33F810002B2EB /* Colors.swift */; };
/* End PBXBuildFile section */

/* Begin PBXFileReference section */
		42F2DB6927D3354D0002B2EB /* WasedaTime.app */ = {isa = PBXFileReference; explicitFileType = wrapper.application; includeInIndex = 0; path = WasedaTime.app; sourceTree = BUILT_PRODUCTS_DIR; };
		42F2DB6C27D3354D0002B2EB /* WasedaTimeApp.swift */ = {isa = PBXFileReference; lastKnownFileType = sourcecode.swift; path = WasedaTimeApp.swift; sourceTree = "<group>"; };
		42F2DB6E27D3354D0002B2EB /* ContentView.swift */ = {isa = PBXFileReference; lastKnownFileType = sourcecode.swift; path = ContentView.swift; sourceTree = "<group>"; };
		42F2DB7027D3354E0002B2EB /* Assets.xcassets */ = {isa = PBXFileReference; lastKnownFileType = folder.assetcatalog; path = Assets.xcassets; sourceTree = "<group>"; };
		42F2DB7327D3354E0002B2EB /* Preview Assets.xcassets */ = {isa = PBXFileReference; lastKnownFileType = folder.assetcatalog; path = "Preview Assets.xcassets"; sourceTree = "<group>"; };
		42F2DB7B27D336740002B2EB /* Fonts.swift */ = {isa = PBXFileReference; lastKnownFileType = sourcecode.swift; path = Fonts.swift; sourceTree = "<group>"; };
		42F2DB7E27D3379C0002B2EB /* Lato-Light.ttf */ = {isa = PBXFileReference; lastKnownFileType = file; path = "Lato-Light.ttf"; sourceTree = "<group>"; };
		42F2DB7F27D3379C0002B2EB /* Lato-Black.ttf */ = {isa = PBXFileReference; lastKnownFileType = file; path = "Lato-Black.ttf"; sourceTree = "<group>"; };
		42F2DB8027D3379C0002B2EB /* Lato-Bold.ttf */ = {isa = PBXFileReference; lastKnownFileType = file; path = "Lato-Bold.ttf"; sourceTree = "<group>"; };
		42F2DB8127D3379C0002B2EB /* Lato-Regular.ttf */ = {isa = PBXFileReference; lastKnownFileType = file; path = "Lato-Regular.ttf"; sourceTree = "<group>"; };
		42F2DB8227D3379C0002B2EB /* Lato-Italic.ttf */ = {isa = PBXFileReference; lastKnownFileType = file; path = "Lato-Italic.ttf"; sourceTree = "<group>"; };
		42F2DB8327D3379C0002B2EB /* Lato-Thin.ttf */ = {isa = PBXFileReference; lastKnownFileType = file; path = "Lato-Thin.ttf"; sourceTree = "<group>"; };
		42F2DB8A27D3380D0002B2EB /* Info.plist */ = {isa = PBXFileReference; lastKnownFileType = text.plist; path = Info.plist; sourceTree = "<group>"; };
		42F2DB8C27D33F810002B2EB /* Colors.swift */ = {isa = PBXFileReference; lastKnownFileType = sourcecode.swift; path = Colors.swift; sourceTree = "<group>"; };
/* End PBXFileReference section */

/* Begin PBXFrameworksBuildPhase section */
		42F2DB6627D3354D0002B2EB /* Frameworks */ = {
			isa = PBXFrameworksBuildPhase;
			buildActionMask = 2147483647;
			files = (
			);
			runOnlyForDeploymentPostprocessing = 0;
		};
/* End PBXFrameworksBuildPhase section */

/* Begin PBXGroup section */
		429E18AC27D35C25001DD44A /* Models */ = {
			isa = PBXGroup;
			children = (
			);
			path = Models;
			sourceTree = "<group>";
		};
		42F2DB6027D3354D0002B2EB = {
			isa = PBXGroup;
			children = (
				42F2DB6B27D3354D0002B2EB /* WasedaTime */,
				42F2DB6A27D3354D0002B2EB /* Products */,
			);
			sourceTree = "<group>";
		};
		42F2DB6A27D3354D0002B2EB /* Products */ = {
			isa = PBXGroup;
			children = (
				42F2DB6927D3354D0002B2EB /* WasedaTime.app */,
			);
			name = Products;
			sourceTree = "<group>";
		};
		42F2DB6B27D3354D0002B2EB /* WasedaTime */ = {
			isa = PBXGroup;
			children = (
				42F2DB8A27D3380D0002B2EB /* Info.plist */,
				42F2DB6C27D3354D0002B2EB /* WasedaTimeApp.swift */,
				42F2DB6E27D3354D0002B2EB /* ContentView.swift */,
				429E18AC27D35C25001DD44A /* Models */,
				42F2DB7D27D337440002B2EB /* Resources */,
				42F2DB7A27D3364B0002B2EB /* Extensions */,
				42F2DB7027D3354E0002B2EB /* Assets.xcassets */,
				42F2DB7227D3354E0002B2EB /* Preview Content */,
			);
			path = WasedaTime;
			sourceTree = "<group>";
		};
		42F2DB7227D3354E0002B2EB /* Preview Content */ = {
			isa = PBXGroup;
			children = (
				42F2DB7327D3354E0002B2EB /* Preview Assets.xcassets */,
			);
			path = "Preview Content";
			sourceTree = "<group>";
		};
		42F2DB7A27D3364B0002B2EB /* Extensions */ = {
			isa = PBXGroup;
			children = (
				42F2DB7B27D336740002B2EB /* Fonts.swift */,
				42F2DB8C27D33F810002B2EB /* Colors.swift */,
			);
			path = Extensions;
			sourceTree = "<group>";
		};
		42F2DB7D27D337440002B2EB /* Resources */ = {
			isa = PBXGroup;
			children = (
				42F2DB7F27D3379C0002B2EB /* Lato-Black.ttf */,
				42F2DB8027D3379C0002B2EB /* Lato-Bold.ttf */,
				42F2DB8227D3379C0002B2EB /* Lato-Italic.ttf */,
				42F2DB7E27D3379C0002B2EB /* Lato-Light.ttf */,
				42F2DB8127D3379C0002B2EB /* Lato-Regular.ttf */,
				42F2DB8327D3379C0002B2EB /* Lato-Thin.ttf */,
			);
			path = Resources;
			sourceTree = "<group>";
		};
/* End PBXGroup section */

/* Begin PBXNativeTarget section */
		42F2DB6827D3354D0002B2EB /* WasedaTime */ = {
			isa = PBXNativeTarget;
			buildConfigurationList = 42F2DB7727D3354E0002B2EB /* Build configuration list for PBXNativeTarget "WasedaTime" */;
			buildPhases = (
				42F2DB6527D3354D0002B2EB /* Sources */,
				42F2DB6627D3354D0002B2EB /* Frameworks */,
				42F2DB6727D3354D0002B2EB /* Resources */,
			);
			buildRules = (
			);
			dependencies = (
			);
			name = WasedaTime;
			productName = WasedaTime;
			productReference = 42F2DB6927D3354D0002B2EB /* WasedaTime.app */;
			productType = "com.apple.product-type.application";
		};
/* End PBXNativeTarget section */

/* Begin PBXProject section */
		42F2DB6127D3354D0002B2EB /* Project object */ = {
			isa = PBXProject;
			attributes = {
				BuildIndependentTargetsInParallel = 1;
				LastSwiftUpdateCheck = 1320;
				LastUpgradeCheck = 1320;
				TargetAttributes = {
					42F2DB6827D3354D0002B2EB = {
						CreatedOnToolsVersion = 13.2.1;
					};
				};
			};
			buildConfigurationList = 42F2DB6427D3354D0002B2EB /* Build configuration list for PBXProject "WasedaTime" */;
			compatibilityVersion = "Xcode 13.0";
			developmentRegion = en;
			hasScannedForEncodings = 0;
			knownRegions = (
				en,
				Base,
			);
			mainGroup = 42F2DB6027D3354D0002B2EB;
			productRefGroup = 42F2DB6A27D3354D0002B2EB /* Products */;
			projectDirPath = "";
			projectRoot = "";
			targets = (
				42F2DB6827D3354D0002B2EB /* WasedaTime */,
			);
		};
/* End PBXProject section */

/* Begin PBXResourcesBuildPhase section */
		42F2DB6727D3354D0002B2EB /* Resources */ = {
			isa = PBXResourcesBuildPhase;
			buildActionMask = 2147483647;
			files = (
				42F2DB8527D3379C0002B2EB /* Lato-Black.ttf in Resources */,
				42F2DB8927D3379C0002B2EB /* Lato-Thin.ttf in Resources */,
				42F2DB8827D3379C0002B2EB /* Lato-Italic.ttf in Resources */,
				42F2DB8727D3379C0002B2EB /* Lato-Regular.ttf in Resources */,
				42F2DB8627D3379C0002B2EB /* Lato-Bold.ttf in Resources */,
				42F2DB8427D3379C0002B2EB /* Lato-Light.ttf in Resources */,
				42F2DB7427D3354E0002B2EB /* Preview Assets.xcassets in Resources */,
				42F2DB7127D3354E0002B2EB /* Assets.xcassets in Resources */,
			);
			runOnlyForDeploymentPostprocessing = 0;
		};
/* End PBXResourcesBuildPhase section */

/* Begin PBXSourcesBuildPhase section */
		42F2DB6527D3354D0002B2EB /* Sources */ = {
			isa = PBXSourcesBuildPhase;
			buildActionMask = 2147483647;
			files = (
				42F2DB6F27D3354D0002B2EB /* ContentView.swift in Sources */,
				42F2DB8D27D33F810002B2EB /* Colors.swift in Sources */,
				42F2DB7C27D336740002B2EB /* Fonts.swift in Sources */,
				42F2DB6D27D3354D0002B2EB /* WasedaTimeApp.swift in Sources */,
			);
			runOnlyForDeploymentPostprocessing = 0;
		};
/* End PBXSourcesBuildPhase section */

/* Begin XCBuildConfiguration section */
		42F2DB7527D3354E0002B2EB /* Debug */ = {
			isa = XCBuildConfiguration;
			buildSettings = {
				ALWAYS_SEARCH_USER_PATHS = NO;
				CLANG_ANALYZER_NONNULL = YES;
				CLANG_ANALYZER_NUMBER_OBJECT_CONVERSION = YES_AGGRESSIVE;
				CLANG_CXX_LANGUAGE_STANDARD = "gnu++17";
				CLANG_CXX_LIBRARY = "libc++";
				CLANG_ENABLE_MODULES = YES;
				CLANG_ENABLE_OBJC_ARC = YES;
				CLANG_ENABLE_OBJC_WEAK = YES;
				CLANG_WARN_BLOCK_CAPTURE_AUTORELEASING = YES;
				CLANG_WARN_BOOL_CONVERSION = YES;
				CLANG_WARN_COMMA = YES;
				CLANG_WARN_CONSTANT_CONVERSION = YES;
				CLANG_WARN_DEPRECATED_OBJC_IMPLEMENTATIONS = YES;
				CLANG_WARN_DIRECT_OBJC_ISA_USAGE = YES_ERROR;
				CLANG_WARN_DOCUMENTATION_COMMENTS = YES;
				CLANG_WARN_EMPTY_BODY = YES;
				CLANG_WARN_ENUM_CONVERSION = YES;
				CLANG_WARN_INFINITE_RECURSION = YES;
				CLANG_WARN_INT_CONVERSION = YES;
				CLANG_WARN_NON_LITERAL_NULL_CONVERSION = YES;
				CLANG_WARN_OBJC_IMPLICIT_RETAIN_SELF = YES;
				CLANG_WARN_OBJC_LITERAL_CONVERSION = YES;
				CLANG_WARN_OBJC_ROOT_CLASS = YES_ERROR;
				CLANG_WARN_QUOTED_INCLUDE_IN_FRAMEWORK_HEADER = YES;
				CLANG_WARN_RANGE_LOOP_ANALYSIS = YES;
				CLANG_WARN_STRICT_PROTOTYPES = YES;
				CLANG_WARN_SUSPICIOUS_MOVE = YES;
				CLANG_WARN_UNGUARDED_AVAILABILITY = YES_AGGRESSIVE;
				CLANG_WARN_UNREACHABLE_CODE = YES;
				CLANG_WARN__DUPLICATE_METHOD_MATCH = YES;
				COPY_PHASE_STRIP = NO;
				DEBUG_INFORMATION_FORMAT = dwarf;
				ENABLE_STRICT_OBJC_MSGSEND = YES;
				ENABLE_TESTABILITY = YES;
				GCC_C_LANGUAGE_STANDARD = gnu11;
				GCC_DYNAMIC_NO_PIC = NO;
				GCC_NO_COMMON_BLOCKS = YES;
				GCC_OPTIMIZATION_LEVEL = 0;
				GCC_PREPROCESSOR_DEFINITIONS = (
					"DEBUG=1",
					"$(inherited)",
				);
				GCC_WARN_64_TO_32_BIT_CONVERSION = YES;
				GCC_WARN_ABOUT_RETURN_TYPE = YES_ERROR;
				GCC_WARN_UNDECLARED_SELECTOR = YES;
				GCC_WARN_UNINITIALIZED_AUTOS = YES_AGGRESSIVE;
				GCC_WARN_UNUSED_FUNCTION = YES;
				GCC_WARN_UNUSED_VARIABLE = YES;
				IPHONEOS_DEPLOYMENT_TARGET = 15.2;
				MTL_ENABLE_DEBUG_INFO = INCLUDE_SOURCE;
				MTL_FAST_MATH = YES;
				ONLY_ACTIVE_ARCH = YES;
				SDKROOT = iphoneos;
				SWIFT_ACTIVE_COMPILATION_CONDITIONS = DEBUG;
				SWIFT_OPTIMIZATION_LEVEL = "-Onone";
			};
			name = Debug;
		};
		42F2DB7627D3354E0002B2EB /* Release */ = {
			isa = XCBuildConfiguration;
			buildSettings = {
				ALWAYS_SEARCH_USER_PATHS = NO;
				CLANG_ANALYZER_NONNULL = YES;
				CLANG_ANALYZER_NUMBER_OBJECT_CONVERSION = YES_AGGRESSIVE;
				CLANG_CXX_LANGUAGE_STANDARD = "gnu++17";
				CLANG_CXX_LIBRARY = "libc++";
				CLANG_ENABLE_MODULES = YES;
				CLANG_ENABLE_OBJC_ARC = YES;
				CLANG_ENABLE_OBJC_WEAK = YES;
				CLANG_WARN_BLOCK_CAPTURE_AUTORELEASING = YES;
				CLANG_WARN_BOOL_CONVERSION = YES;
				CLANG_WARN_COMMA = YES;
				CLANG_WARN_CONSTANT_CONVERSION = YES;
				CLANG_WARN_DEPRECATED_OBJC_IMPLEMENTATIONS = YES;
				CLANG_WARN_DIRECT_OBJC_ISA_USAGE = YES_ERROR;
				CLANG_WARN_DOCUMENTATION_COMMENTS = YES;
				CLANG_WARN_EMPTY_BODY = YES;
				CLANG_WARN_ENUM_CONVERSION = YES;
				CLANG_WARN_INFINITE_RECURSION = YES;
				CLANG_WARN_INT_CONVERSION = YES;
				CLANG_WARN_NON_LITERAL_NULL_CONVERSION = YES;
				CLANG_WARN_OBJC_IMPLICIT_RETAIN_SELF = YES;
				CLANG_WARN_OBJC_LITERAL_CONVERSION = YES;
				CLANG_WARN_OBJC_ROOT_CLASS = YES_ERROR;
				CLANG_WARN_QUOTED_INCLUDE_IN_FRAMEWORK_HEADER = YES;
				CLANG_WARN_RANGE_LOOP_ANALYSIS = YES;
				CLANG_WARN_STRICT_PROTOTYPES = YES;
				CLANG_WARN_SUSPICIOUS_MOVE = YES;
				CLANG_WARN_UNGUARDED_AVAILABILITY = YES_AGGRESSIVE;
				CLANG_WARN_UNREACHABLE_CODE = YES;
				CLANG_WARN__DUPLICATE_METHOD_MATCH = YES;
				COPY_PHASE_STRIP = NO;
				DEBUG_INFORMATION_FORMAT = "dwarf-with-dsym";
				ENABLE_NS_ASSERTIONS = NO;
				ENABLE_STRICT_OBJC_MSGSEND = YES;
				GCC_C_LANGUAGE_STANDARD = gnu11;
				GCC_NO_COMMON_BLOCKS = YES;
				GCC_WARN_64_TO_32_BIT_CONVERSION = YES;
				GCC_WARN_ABOUT_RETURN_TYPE = YES_ERROR;
				GCC_WARN_UNDECLARED_SELECTOR = YES;
				GCC_WARN_UNINITIALIZED_AUTOS = YES_AGGRESSIVE;
				GCC_WARN_UNUSED_FUNCTION = YES;
				GCC_WARN_UNUSED_VARIABLE = YES;
				IPHONEOS_DEPLOYMENT_TARGET = 15.2;
				MTL_ENABLE_DEBUG_INFO = NO;
				MTL_FAST_MATH = YES;
				SDKROOT = iphoneos;
				SWIFT_COMPILATION_MODE = wholemodule;
				SWIFT_OPTIMIZATION_LEVEL = "-O";
				VALIDATE_PRODUCT = YES;
			};
			name = Release;
		};
		42F2DB7827D3354E0002B2EB /* Debug */ = {
			isa = XCBuildConfiguration;
			buildSettings = {
				ASSETCATALOG_COMPILER_APPICON_NAME = AppIcon;
				ASSETCATALOG_COMPILER_GLOBAL_ACCENT_COLOR_NAME = AccentColor;
				CODE_SIGN_STYLE = Automatic;
				CURRENT_PROJECT_VERSION = 1;
				DEVELOPMENT_ASSET_PATHS = "\"WasedaTime/Preview Content\"";
				DEVELOPMENT_TEAM = 4DVD7FVTR7;
				ENABLE_PREVIEWS = YES;
				GENERATE_INFOPLIST_FILE = YES;
				INFOPLIST_FILE = WasedaTime/Info.plist;
				INFOPLIST_KEY_UIApplicationSceneManifest_Generation = YES;
				INFOPLIST_KEY_UIApplicationSupportsIndirectInputEvents = YES;
				INFOPLIST_KEY_UILaunchScreen_Generation = YES;
				INFOPLIST_KEY_UISupportedInterfaceOrientations_iPad = "UIInterfaceOrientationPortrait UIInterfaceOrientationPortraitUpsideDown UIInterfaceOrientationLandscapeLeft UIInterfaceOrientationLandscapeRight";
				INFOPLIST_KEY_UISupportedInterfaceOrientations_iPhone = "UIInterfaceOrientationPortrait UIInterfaceOrientationLandscapeLeft UIInterfaceOrientationLandscapeRight";
				LD_RUNPATH_SEARCH_PATHS = (
					"$(inherited)",
					"@executable_path/Frameworks",
				);
				MARKETING_VERSION = 1.0;
				PRODUCT_BUNDLE_IDENTIFIER = com.takumiot.WasedaTime;
				PRODUCT_NAME = "$(TARGET_NAME)";
				SWIFT_EMIT_LOC_STRINGS = YES;
				SWIFT_VERSION = 5.0;
				TARGETED_DEVICE_FAMILY = "1,2";
			};
			name = Debug;
		};
		42F2DB7927D3354E0002B2EB /* Release */ = {
			isa = XCBuildConfiguration;
			buildSettings = {
				ASSETCATALOG_COMPILER_APPICON_NAME = AppIcon;
				ASSETCATALOG_COMPILER_GLOBAL_ACCENT_COLOR_NAME = AccentColor;
				CODE_SIGN_STYLE = Automatic;
				CURRENT_PROJECT_VERSION = 1;
				DEVELOPMENT_ASSET_PATHS = "\"WasedaTime/Preview Content\"";
				DEVELOPMENT_TEAM = 4DVD7FVTR7;
				ENABLE_PREVIEWS = YES;
				GENERATE_INFOPLIST_FILE = YES;
				INFOPLIST_FILE = WasedaTime/Info.plist;
				INFOPLIST_KEY_UIApplicationSceneManifest_Generation = YES;
				INFOPLIST_KEY_UIApplicationSupportsIndirectInputEvents = YES;
				INFOPLIST_KEY_UILaunchScreen_Generation = YES;
				INFOPLIST_KEY_UISupportedInterfaceOrientations_iPad = "UIInterfaceOrientationPortrait UIInterfaceOrientationPortraitUpsideDown UIInterfaceOrientationLandscapeLeft UIInterfaceOrientationLandscapeRight";
				INFOPLIST_KEY_UISupportedInterfaceOrientations_iPhone = "UIInterfaceOrientationPortrait UIInterfaceOrientationLandscapeLeft UIInterfaceOrientationLandscapeRight";
				LD_RUNPATH_SEARCH_PATHS = (
					"$(inherited)",
					"@executable_path/Frameworks",
				);
				MARKETING_VERSION = 1.0;
				PRODUCT_BUNDLE_IDENTIFIER = com.takumiot.WasedaTime;
				PRODUCT_NAME = "$(TARGET_NAME)";
				SWIFT_EMIT_LOC_STRINGS = YES;
				SWIFT_VERSION = 5.0;
				TARGETED_DEVICE_FAMILY = "1,2";
			};
			name = Release;
		};
/* End XCBuildConfiguration section */

/* Begin XCConfigurationList section */
		42F2DB6427D3354D0002B2EB /* Build configuration list for PBXProject "WasedaTime" */ = {
			isa = XCConfigurationList;
			buildConfigurations = (
				42F2DB7527D3354E0002B2EB /* Debug */,
				42F2DB7627D3354E0002B2EB /* Release */,
			);
			defaultConfigurationIsVisible = 0;
			defaultConfigurationName = Release;
		};
		42F2DB7727D3354E0002B2EB /* Build configuration list for PBXNativeTarget "WasedaTime" */ = {
			isa = XCConfigurationList;
			buildConfigurations = (
				42F2DB7827D3354E0002B2EB /* Debug */,
				42F2DB7927D3354E0002B2EB /* Release */,
			);
			defaultConfigurationIsVisible = 0;
			defaultConfigurationName = Release;
		};
/* End XCConfigurationList section */
	};
	rootObject = 42F2DB6127D3354D0002B2EB /* Project object */;
}
